Microsoft Visual Studio Solution File, Format Version 12.00
# Visual Studio Version 17
VisualStudioVersion = 17.10.35122.118
MinimumVisualStudioVersion = 10.0.40219.1
Project("{2150E333-8FDC-42A3-9474-1A3956D46DE8}") = "Tests", "Tests", "{0BD5A3FB-191B-43C6-A983-C9663BCFAF31}"
EndProject
Project("{9A19103F-16F7-4668-BE54-9A1E7A4F7556}") = "Dfe.RegionalImprovementForStandardsAndExcellence.Api", "src\Dfe.RegionalImprovementForStandardsAndExcellence.Api\Dfe.RegionalImprovementForStandardsAndExcellence.Api.csproj", "{73E78F4A-9044-4D65-A759-9DD807023173}"
EndProject
Project("{9A19103F-16F7-4668-BE54-9A1E7A4F7556}") = "Dfe.RegionalImprovementForStandardsAndExcellence.Api.Client", "src\Dfe.RegionalImprovementForStandardsAndExcellence.Api.Client\Dfe.RegionalImprovementForStandardsAndExcellence.Api.Client.csproj", "{BDF158E6-B155-4DA2-BB64-8FE189E3D799}"
EndProject
Project("{9A19103F-16F7-4668-BE54-9A1E7A4F7556}") = "Dfe.RegionalImprovementForStandardsAndExcellence.Application", "src\Dfe.RegionalImprovementForStandardsAndExcellence.Application\Dfe.RegionalImprovementForStandardsAndExcellence.Application.csproj", "{E0680611-5014-4E61-B4E6-02E4B5FDD8C2}"
EndProject
Project("{9A19103F-16F7-4668-BE54-9A1E7A4F7556}") = "Dfe.RegionalImprovementForStandardsAndExcellence.Domain", "src\Dfe.RegionalImprovementForStandardsAndExcellence.Domain\Dfe.RegionalImprovementForStandardsAndExcellence.Domain.csproj", "{EBC913B1-0E7F-4699-8A66-974C2178026F}"
EndProject
Project("{9A19103F-16F7-4668-BE54-9A1E7A4F7556}") = "Dfe.RegionalImprovementForStandardsAndExcellence.Infrastructure", "src\Dfe.RegionalImprovementForStandardsAndExcellence.Infrastructure\Dfe.RegionalImprovementForStandardsAndExcellence.Infrastructure.csproj", "{019A1601-D970-4CDE-A33F-F2E1416AB705}"
EndProject
Project("{9A19103F-16F7-4668-BE54-9A1E7A4F7556}") = "Dfe.RegionalImprovementForStandardsAndExcellence.Utils", "src\Dfe.RegionalImprovementForStandardsAndExcellence.Utils\Dfe.RegionalImprovementForStandardsAndExcellence.Utils.csproj", "{B3336B47-A5D4-4894-A121-8C78C6A46F25}"
EndProject
Project("{9A19103F-16F7-4668-BE54-9A1E7A4F7556}") = "Dfe.RegionalImprovementForStandardsAndExcellence.Domain.Tests", "src\Tests\Dfe.RegionalImprovementForStandardsAndExcellence.Domain.Tests\Dfe.RegionalImprovementForStandardsAndExcellence.Domain.Tests.csproj", "{24013A30-D950-4025-B1F1-B8A7AC23DE6F}"
EndProject
Project("{9A19103F-16F7-4668-BE54-9A1E7A4F7556}") = "Dfe.RegionalImprovementForStandardsAndExcellence.Tests.Common", "src\Tests\Dfe.RegionalImprovementForStandardsAndExcellence.Tests.Common\Dfe.RegionalImprovementForStandardsAndExcellence.Tests.Common.csproj", "{8380EFBB-A438-4044-B610-3B786E4BE6E9}"
EndProject
Project("{9A19103F-16F7-4668-BE54-9A1E7A4F7556}") = "Dfe.RegionalImprovementForStandardsAndExcellence.Frontend", "src\Dfe.RegionalImprovementForStandardsAndExcellence\Dfe.RegionalImprovementForStandardsAndExcellence.Frontend.csproj", "{DA2A7875-D2DD-45C6-BB62-0CE8EE36775E}"
EndProject
Project("{9A19103F-16F7-4668-BE54-9A1E7A4F7556}") = "Dfe.RegionalImprovementForStandardsAndExcellence.Frontend.Tests", "src\Tests\Dfe.RegionalImprovementForStandardsAndExcellence.Frontend.Tests\Dfe.RegionalImprovementForStandardsAndExcellence.Frontend.Tests.csproj", "{0C57CBCC-0C59-48E9-942B-5E0695AD2231}"
EndProject
Project("{9A19103F-16F7-4668-BE54-9A1E7A4F7556}") = "Dfe.RegionalImprovementForStandardsAndExcellence.Application.Tests", "src\Tests\Dfe.RegionalImprovementForStandardsAndExcellence.Application.Tests\Dfe.RegionalImprovementForStandardsAndExcellence.Application.Tests.csproj", "{2594A316-8AE7-407E-A945-6D42096235DF}"
EndProject
Global
	GlobalSection(SolutionConfigurationPlatforms) = preSolution
		Debug|Any CPU = Debug|Any CPU
		Release|Any CPU = Release|Any CPU
	EndGlobalSection
	GlobalSection(ProjectConfigurationPlatforms) = postSolution
		{73E78F4A-9044-4D65-A759-9DD807023173}.Debug|Any CPU.ActiveCfg = Debug|Any CPU
		{73E78F4A-9044-4D65-A759-9DD807023173}.Debug|Any CPU.Build.0 = Debug|Any CPU
		{73E78F4A-9044-4D65-A759-9DD807023173}.Release|Any CPU.ActiveCfg = Release|Any CPU
		{73E78F4A-9044-4D65-A759-9DD807023173}.Release|Any CPU.Build.0 = Release|Any CPU
		{BDF158E6-B155-4DA2-BB64-8FE189E3D799}.Debug|Any CPU.ActiveCfg = Debug|Any CPU
		{BDF158E6-B155-4DA2-BB64-8FE189E3D799}.Debug|Any CPU.Build.0 = Debug|Any CPU
		{BDF158E6-B155-4DA2-BB64-8FE189E3D799}.Release|Any CPU.ActiveCfg = Release|Any CPU
		{BDF158E6-B155-4DA2-BB64-8FE189E3D799}.Release|Any CPU.Build.0 = Release|Any CPU
		{E0680611-5014-4E61-B4E6-02E4B5FDD8C2}.Debug|Any CPU.ActiveCfg = Debug|Any CPU
		{E0680611-5014-4E61-B4E6-02E4B5FDD8C2}.Debug|Any CPU.Build.0 = Debug|Any CPU
		{E0680611-5014-4E61-B4E6-02E4B5FDD8C2}.Release|Any CPU.ActiveCfg = Release|Any CPU
		{E0680611-5014-4E61-B4E6-02E4B5FDD8C2}.Release|Any CPU.Build.0 = Release|Any CPU
		{EBC913B1-0E7F-4699-8A66-974C2178026F}.Debug|Any CPU.ActiveCfg = Debug|Any CPU
		{EBC913B1-0E7F-4699-8A66-974C2178026F}.Debug|Any CPU.Build.0 = Debug|Any CPU
		{EBC913B1-0E7F-4699-8A66-974C2178026F}.Release|Any CPU.ActiveCfg = Release|Any CPU
		{EBC913B1-0E7F-4699-8A66-974C2178026F}.Release|Any CPU.Build.0 = Release|Any CPU
		{019A1601-D970-4CDE-A33F-F2E1416AB705}.Debug|Any CPU.ActiveCfg = Debug|Any CPU
		{019A1601-D970-4CDE-A33F-F2E1416AB705}.Debug|Any CPU.Build.0 = Debug|Any CPU
		{019A1601-D970-4CDE-A33F-F2E1416AB705}.Release|Any CPU.ActiveCfg = Release|Any CPU
		{019A1601-D970-4CDE-A33F-F2E1416AB705}.Release|Any CPU.Build.0 = Release|Any CPU
		{B3336B47-A5D4-4894-A121-8C78C6A46F25}.Debug|Any CPU.ActiveCfg = Debug|Any CPU
		{B3336B47-A5D4-4894-A121-8C78C6A46F25}.Debug|Any CPU.Build.0 = Debug|Any CPU
		{B3336B47-A5D4-4894-A121-8C78C6A46F25}.Release|Any CPU.ActiveCfg = Release|Any CPU
		{B3336B47-A5D4-4894-A121-8C78C6A46F25}.Release|Any CPU.Build.0 = Release|Any CPU
		{24013A30-D950-4025-B1F1-B8A7AC23DE6F}.Debug|Any CPU.ActiveCfg = Debug|Any CPU
		{24013A30-D950-4025-B1F1-B8A7AC23DE6F}.Debug|Any CPU.Build.0 = Debug|Any CPU
		{24013A30-D950-4025-B1F1-B8A7AC23DE6F}.Release|Any CPU.ActiveCfg = Release|Any CPU
		{24013A30-D950-4025-B1F1-B8A7AC23DE6F}.Release|Any CPU.Build.0 = Release|Any CPU
		{8380EFBB-A438-4044-B610-3B786E4BE6E9}.Debug|Any CPU.ActiveCfg = Debug|Any CPU
		{8380EFBB-A438-4044-B610-3B786E4BE6E9}.Debug|Any CPU.Build.0 = Debug|Any CPU
		{8380EFBB-A438-4044-B610-3B786E4BE6E9}.Release|Any CPU.ActiveCfg = Release|Any CPU
		{8380EFBB-A438-4044-B610-3B786E4BE6E9}.Release|Any CPU.Build.0 = Release|Any CPU
		{DA2A7875-D2DD-45C6-BB62-0CE8EE36775E}.Debug|Any CPU.ActiveCfg = Debug|Any CPU
		{DA2A7875-D2DD-45C6-BB62-0CE8EE36775E}.Debug|Any CPU.Build.0 = Debug|Any CPU
		{DA2A7875-D2DD-45C6-BB62-0CE8EE36775E}.Release|Any CPU.ActiveCfg = Release|Any CPU
		{DA2A7875-D2DD-45C6-BB62-0CE8EE36775E}.Release|Any CPU.Build.0 = Release|Any CPU
		{0C57CBCC-0C59-48E9-942B-5E0695AD2231}.Debug|Any CPU.ActiveCfg = Debug|Any CPU
		{0C57CBCC-0C59-48E9-942B-5E0695AD2231}.Debug|Any CPU.Build.0 = Debug|Any CPU
		{0C57CBCC-0C59-48E9-942B-5E0695AD2231}.Release|Any CPU.ActiveCfg = Release|Any CPU
		{0C57CBCC-0C59-48E9-942B-5E0695AD2231}.Release|Any CPU.Build.0 = Release|Any CPU
		{2594A316-8AE7-407E-A945-6D42096235DF}.Debug|Any CPU.ActiveCfg = Debug|Any CPU
		{2594A316-8AE7-407E-A945-6D42096235DF}.Debug|Any CPU.Build.0 = Debug|Any CPU
		{2594A316-8AE7-407E-A945-6D42096235DF}.Release|Any CPU.ActiveCfg = Release|Any CPU
		{2594A316-8AE7-407E-A945-6D42096235DF}.Release|Any CPU.Build.0 = Release|Any CPU
	EndGlobalSection
	GlobalSection(SolutionProperties) = preSolution
		HideSolutionNode = FALSE
	EndGlobalSection
	GlobalSection(NestedProjects) = preSolution
		{24013A30-D950-4025-B1F1-B8A7AC23DE6F} = {0BD5A3FB-191B-43C6-A983-C9663BCFAF31}
		{8380EFBB-A438-4044-B610-3B786E4BE6E9} = {0BD5A3FB-191B-43C6-A983-C9663BCFAF31}
		{0C57CBCC-0C59-48E9-942B-5E0695AD2231} = {0BD5A3FB-191B-43C6-A983-C9663BCFAF31}
		{2594A316-8AE7-407E-A945-6D42096235DF} = {0BD5A3FB-191B-43C6-A983-C9663BCFAF31}
	EndGlobalSection
	GlobalSection(ExtensibilityGlobals) = postSolution
		SolutionGuid = {B4C4F019-D87A-4303-8802-0FD892EFE991}
	EndGlobalSection
EndGlobal
