Microsoft Visual Studio Solution File, Format Version 12.00
# Visual Studio Version 17
VisualStudioVersion = 17.10.35122.118
MinimumVisualStudioVersion = 10.0.40219.1
Project("{2150E333-8FDC-42A3-9474-1A3956D46DE8}") = "Tests", "Tests", "{0BD5A3FB-191B-43C6-A983-C9663BCFAF31}"
EndProject
Project("{9A19103F-16F7-4668-BE54-9A1E7A4F7556}") = "Dfe.ManageSchoolImprovement.Api", "src\Dfe.ManageSchoolImprovement.Api\Dfe.ManageSchoolImprovement.Api.csproj", "{73E78F4A-9044-4D65-A759-9DD807023173}"
EndProject
Project("{9A19103F-16F7-4668-BE54-9A1E7A4F7556}") = "Dfe.ManageSchoolImprovement.Api.Client", "src\Dfe.ManageSchoolImprovement.Api.Client\Dfe.ManageSchoolImprovement.Api.Client.csproj", "{BDF158E6-B155-4DA2-BB64-8FE189E3D799}"
EndProject
Project("{9A19103F-16F7-4668-BE54-9A1E7A4F7556}") = "Dfe.ManageSchoolImprovement.Application", "src\Dfe.ManageSchoolImprovement.Application\Dfe.ManageSchoolImprovement.Application.csproj", "{E0680611-5014-4E61-B4E6-02E4B5FDD8C2}"
EndProject
Project("{9A19103F-16F7-4668-BE54-9A1E7A4F7556}") = "Dfe.ManageSchoolImprovement.Domain", "src\Dfe.ManageSchoolImprovement.Domain\Dfe.ManageSchoolImprovement.Domain.csproj", "{EBC913B1-0E7F-4699-8A66-974C2178026F}"
EndProject
Project("{9A19103F-16F7-4668-BE54-9A1E7A4F7556}") = "Dfe.ManageSchoolImprovement.Infrastructure", "src\Dfe.ManageSchoolImprovement.Infrastructure\Dfe.ManageSchoolImprovement.Infrastructure.csproj", "{019A1601-D970-4CDE-A33F-F2E1416AB705}"
EndProject
Project("{9A19103F-16F7-4668-BE54-9A1E7A4F7556}") = "Dfe.ManageSchoolImprovement.Utils", "src\Dfe.ManageSchoolImprovement.Utils\Dfe.ManageSchoolImprovement.Utils.csproj", "{B3336B47-A5D4-4894-A121-8C78C6A46F25}"
EndProject
Project("{9A19103F-16F7-4668-BE54-9A1E7A4F7556}") = "Dfe.ManageSchoolImprovement.Domain.Tests", "src\Tests\Dfe.ManageSchoolImprovement.Domain.Tests\Dfe.ManageSchoolImprovement.Domain.Tests.csproj", "{24013A30-D950-4025-B1F1-B8A7AC23DE6F}"
EndProject
Project("{9A19103F-16F7-4668-BE54-9A1E7A4F7556}") = "Dfe.ManageSchoolImprovement.Tests.Common", "src\Tests\Dfe.ManageSchoolImprovement.Tests.Common\Dfe.ManageSchoolImprovement.Tests.Common.csproj", "{8380EFBB-A438-4044-B610-3B786E4BE6E9}"
EndProject
Project("{9A19103F-16F7-4668-BE54-9A1E7A4F7556}") = "Dfe.ManageSchoolImprovement.Frontend", "src\Dfe.ManageSchoolImprovement\Dfe.ManageSchoolImprovement.Frontend.csproj", "{DA2A7875-D2DD-45C6-BB62-0CE8EE36775E}"
EndProject
Project("{9A19103F-16F7-4668-BE54-9A1E7A4F7556}") = "Dfe.ManageSchoolImprovement.Frontend.Tests", "src\Tests\Dfe.ManageSchoolImprovement.Frontend.Tests\Dfe.ManageSchoolImprovement.Frontend.Tests.csproj", "{0C57CBCC-0C59-48E9-942B-5E0695AD2231}"
EndProject
Project("{9A19103F-16F7-4668-BE54-9A1E7A4F7556}") = "Dfe.ManageSchoolImprovement.Infrastructure.Tests", "src\Tests\Dfe.ManageSchoolImprovement.Infrastructure.Tests\Dfe.ManageSchoolImprovement.Infrastructure.Tests.csproj", "{C59FDF2D-F08A-4580-9D67-23C4D5B68168}"
EndProject
Project("{9A19103F-16F7-4668-BE54-9A1E7A4F7556}") = "Dfe.ManageSchoolImprovement.Application.Tests", "src\Tests\Dfe.ManageSchoolImprovement.Application.Tests\Dfe.ManageSchoolImprovement.Application.Tests.csproj", "{0E696E59-AA3D-4418-9362-141B8DD7344D}"
EndProject
Project("{FAE04EC0-301F-11D3-BF4B-00C04F79EFBC}") = "Dfe.ManagementSchoolImprovement.Utils.Tests", "Dfe.ManagementSchoolImprovement.Utils.Tests\Dfe.ManagementSchoolImprovement.Utils.Tests.csproj", "{F2BED3BD-1ACE-4908-B172-3B1799A2BDAE}"
EndProject
Global
	GlobalSection(SolutionConfigurationPlatforms) = preSolution
		Debug|Any CPU = Debug|Any CPU
		Release|Any CPU = Release|Any CPU
	EndGlobalSection
	GlobalSection(ProjectConfigurationPlatforms) = postSolution
		{73E78F4A-9044-4D65-A759-9DD807023173}.Debug|Any CPU.ActiveCfg = Debug|Any CPU
		{73E78F4A-9044-4D65-A759-9DD807023173}.Debug|Any CPU.Build.0 = Debug|Any CPU
		{73E78F4A-9044-4D65-A759-9DD807023173}.Release|Any CPU.ActiveCfg = Release|Any CPU
		{73E78F4A-9044-4D65-A759-9DD807023173}.Release|Any CPU.Build.0 = Release|Any CPU
		{BDF158E6-B155-4DA2-BB64-8FE189E3D799}.Debug|Any CPU.ActiveCfg = Debug|Any CPU
		{BDF158E6-B155-4DA2-BB64-8FE189E3D799}.Debug|Any CPU.Build.0 = Debug|Any CPU
		{BDF158E6-B155-4DA2-BB64-8FE189E3D799}.Release|Any CPU.ActiveCfg = Release|Any CPU
		{BDF158E6-B155-4DA2-BB64-8FE189E3D799}.Release|Any CPU.Build.0 = Release|Any CPU
		{E0680611-5014-4E61-B4E6-02E4B5FDD8C2}.Debug|Any CPU.ActiveCfg = Debug|Any CPU
		{E0680611-5014-4E61-B4E6-02E4B5FDD8C2}.Debug|Any CPU.Build.0 = Debug|Any CPU
		{E0680611-5014-4E61-B4E6-02E4B5FDD8C2}.Release|Any CPU.ActiveCfg = Release|Any CPU
		{E0680611-5014-4E61-B4E6-02E4B5FDD8C2}.Release|Any CPU.Build.0 = Release|Any CPU
		{EBC913B1-0E7F-4699-8A66-974C2178026F}.Debug|Any CPU.ActiveCfg = Debug|Any CPU
		{EBC913B1-0E7F-4699-8A66-974C2178026F}.Debug|Any CPU.Build.0 = Debug|Any CPU
		{EBC913B1-0E7F-4699-8A66-974C2178026F}.Release|Any CPU.ActiveCfg = Release|Any CPU
		{EBC913B1-0E7F-4699-8A66-974C2178026F}.Release|Any CPU.Build.0 = Release|Any CPU
		{019A1601-D970-4CDE-A33F-F2E1416AB705}.Debug|Any CPU.ActiveCfg = Debug|Any CPU
		{019A1601-D970-4CDE-A33F-F2E1416AB705}.Debug|Any CPU.Build.0 = Debug|Any CPU
		{019A1601-D970-4CDE-A33F-F2E1416AB705}.Release|Any CPU.ActiveCfg = Release|Any CPU
		{019A1601-D970-4CDE-A33F-F2E1416AB705}.Release|Any CPU.Build.0 = Release|Any CPU
		{B3336B47-A5D4-4894-A121-8C78C6A46F25}.Debug|Any CPU.ActiveCfg = Debug|Any CPU
		{B3336B47-A5D4-4894-A121-8C78C6A46F25}.Debug|Any CPU.Build.0 = Debug|Any CPU
		{B3336B47-A5D4-4894-A121-8C78C6A46F25}.Release|Any CPU.ActiveCfg = Release|Any CPU
		{B3336B47-A5D4-4894-A121-8C78C6A46F25}.Release|Any CPU.Build.0 = Release|Any CPU
		{24013A30-D950-4025-B1F1-B8A7AC23DE6F}.Debug|Any CPU.ActiveCfg = Debug|Any CPU
		{24013A30-D950-4025-B1F1-B8A7AC23DE6F}.Debug|Any CPU.Build.0 = Debug|Any CPU
		{24013A30-D950-4025-B1F1-B8A7AC23DE6F}.Release|Any CPU.ActiveCfg = Release|Any CPU
		{24013A30-D950-4025-B1F1-B8A7AC23DE6F}.Release|Any CPU.Build.0 = Release|Any CPU
		{8380EFBB-A438-4044-B610-3B786E4BE6E9}.Debug|Any CPU.ActiveCfg = Debug|Any CPU
		{8380EFBB-A438-4044-B610-3B786E4BE6E9}.Debug|Any CPU.Build.0 = Debug|Any CPU
		{8380EFBB-A438-4044-B610-3B786E4BE6E9}.Release|Any CPU.ActiveCfg = Release|Any CPU
		{8380EFBB-A438-4044-B610-3B786E4BE6E9}.Release|Any CPU.Build.0 = Release|Any CPU
		{DA2A7875-D2DD-45C6-BB62-0CE8EE36775E}.Debug|Any CPU.ActiveCfg = Debug|Any CPU
		{DA2A7875-D2DD-45C6-BB62-0CE8EE36775E}.Debug|Any CPU.Build.0 = Debug|Any CPU
		{DA2A7875-D2DD-45C6-BB62-0CE8EE36775E}.Release|Any CPU.ActiveCfg = Release|Any CPU
		{DA2A7875-D2DD-45C6-BB62-0CE8EE36775E}.Release|Any CPU.Build.0 = Release|Any CPU
		{0C57CBCC-0C59-48E9-942B-5E0695AD2231}.Debug|Any CPU.ActiveCfg = Debug|Any CPU
		{0C57CBCC-0C59-48E9-942B-5E0695AD2231}.Debug|Any CPU.Build.0 = Debug|Any CPU
		{0C57CBCC-0C59-48E9-942B-5E0695AD2231}.Release|Any CPU.ActiveCfg = Release|Any CPU
		{0C57CBCC-0C59-48E9-942B-5E0695AD2231}.Release|Any CPU.Build.0 = Release|Any CPU
		{C59FDF2D-F08A-4580-9D67-23C4D5B68168}.Debug|Any CPU.ActiveCfg = Debug|Any CPU
		{C59FDF2D-F08A-4580-9D67-23C4D5B68168}.Debug|Any CPU.Build.0 = Debug|Any CPU
		{C59FDF2D-F08A-4580-9D67-23C4D5B68168}.Release|Any CPU.ActiveCfg = Release|Any CPU
		{C59FDF2D-F08A-4580-9D67-23C4D5B68168}.Release|Any CPU.Build.0 = Release|Any CPU
		{0E696E59-AA3D-4418-9362-141B8DD7344D}.Debug|Any CPU.ActiveCfg = Debug|Any CPU
		{0E696E59-AA3D-4418-9362-141B8DD7344D}.Debug|Any CPU.Build.0 = Debug|Any CPU
		{0E696E59-AA3D-4418-9362-141B8DD7344D}.Release|Any CPU.ActiveCfg = Release|Any CPU
		{0E696E59-AA3D-4418-9362-141B8DD7344D}.Release|Any CPU.Build.0 = Release|Any CPU
		{F2BED3BD-1ACE-4908-B172-3B1799A2BDAE}.Debug|Any CPU.ActiveCfg = Debug|Any CPU
		{F2BED3BD-1ACE-4908-B172-3B1799A2BDAE}.Debug|Any CPU.Build.0 = Debug|Any CPU
		{F2BED3BD-1ACE-4908-B172-3B1799A2BDAE}.Release|Any CPU.ActiveCfg = Release|Any CPU
		{F2BED3BD-1ACE-4908-B172-3B1799A2BDAE}.Release|Any CPU.Build.0 = Release|Any CPU
	EndGlobalSection
	GlobalSection(SolutionProperties) = preSolution
		HideSolutionNode = FALSE
	EndGlobalSection
	GlobalSection(NestedProjects) = preSolution
		{24013A30-D950-4025-B1F1-B8A7AC23DE6F} = {0BD5A3FB-191B-43C6-A983-C9663BCFAF31}
		{8380EFBB-A438-4044-B610-3B786E4BE6E9} = {0BD5A3FB-191B-43C6-A983-C9663BCFAF31}
		{0C57CBCC-0C59-48E9-942B-5E0695AD2231} = {0BD5A3FB-191B-43C6-A983-C9663BCFAF31}
		{C59FDF2D-F08A-4580-9D67-23C4D5B68168} = {0BD5A3FB-191B-43C6-A983-C9663BCFAF31}
		{0E696E59-AA3D-4418-9362-141B8DD7344D} = {0BD5A3FB-191B-43C6-A983-C9663BCFAF31}
		{F2BED3BD-1ACE-4908-B172-3B1799A2BDAE} = {0BD5A3FB-191B-43C6-A983-C9663BCFAF31}
	EndGlobalSection
	GlobalSection(ExtensibilityGlobals) = postSolution
		SolutionGuid = {B4C4F019-D87A-4303-8802-0FD892EFE991}
	EndGlobalSection
EndGlobal
